
Microsoft Visual Studio Solution File, Format Version 12.00
# Visual Studio 15
VisualStudioVersion = 15.0.27703.2026
MinimumVisualStudioVersion = 10.0.40219.1
Project("{9A19103F-16F7-4668-BE54-9A1E7A4F7556}") = "DPCoreTools.UI", "DPCoreTools\DPCoreTools.UI.csproj", "{1D475EFB-9CDB-4F61-86F9-F40C63BE797C}"
EndProject
Project("{9A19103F-16F7-4668-BE54-9A1E7A4F7556}") = "DpCoreTools.Service.Main", "DpCoreTools.Service\DpCoreTools.Service.Main.csproj", "{4DE04C49-4971-4B71-8490-65F65E496428}"
EndProject
Project("{2150E333-8FDC-42A3-9474-1A3956D46DE8}") = "0.Presentation", "0.Presentation", "{AA685A73-40B1-4F4F-975C-234A540F051B}"
EndProject
Project("{2150E333-8FDC-42A3-9474-1A3956D46DE8}") = "1.Application", "1.Application", "{EDF1F9FE-2918-4206-87A9-1FF9E5236B18}"
EndProject
Project("{9A19103F-16F7-4668-BE54-9A1E7A4F7556}") = "DPCoreTools.SeedWork", "DPCoreTools.SeedWork\DPCoreTools.SeedWork.csproj", "{8F9C3965-001A-4E93-8F83-44214841802C}"
EndProject
Project("{9A19103F-16F7-4668-BE54-9A1E7A4F7556}") = "DPCoreTools.Migration", "DPCoreTools.Migration\DPCoreTools.Migration.csproj", "{37040DFC-687A-43D6-84E4-6E9973CBDB6F}"
EndProject
Project("{FAE04EC0-301F-11D3-BF4B-00C04F79EFBC}") = "DPCoreSegInf.UI", "DPCoreSegInf.UI\DPCoreSegInf.UI.csproj", "{96A4DC85-27D8-43C6-8404-05846092D997}"
EndProject
Global
	GlobalSection(SolutionConfigurationPlatforms) = preSolution
		Debug|Any CPU = Debug|Any CPU
		Release|Any CPU = Release|Any CPU
	EndGlobalSection
	GlobalSection(ProjectConfigurationPlatforms) = postSolution
		{1D475EFB-9CDB-4F61-86F9-F40C63BE797C}.Debug|Any CPU.ActiveCfg = Debug|Any CPU
		{1D475EFB-9CDB-4F61-86F9-F40C63BE797C}.Debug|Any CPU.Build.0 = Debug|Any CPU
		{1D475EFB-9CDB-4F61-86F9-F40C63BE797C}.Release|Any CPU.ActiveCfg = Release|Any CPU
		{1D475EFB-9CDB-4F61-86F9-F40C63BE797C}.Release|Any CPU.Build.0 = Release|Any CPU
		{4DE04C49-4971-4B71-8490-65F65E496428}.Debug|Any CPU.ActiveCfg = Debug|Any CPU
		{4DE04C49-4971-4B71-8490-65F65E496428}.Debug|Any CPU.Build.0 = Debug|Any CPU
		{4DE04C49-4971-4B71-8490-65F65E496428}.Release|Any CPU.ActiveCfg = Release|Any CPU
		{4DE04C49-4971-4B71-8490-65F65E496428}.Release|Any CPU.Build.0 = Release|Any CPU
		{8F9C3965-001A-4E93-8F83-44214841802C}.Debug|Any CPU.ActiveCfg = Debug|Any CPU
		{8F9C3965-001A-4E93-8F83-44214841802C}.Debug|Any CPU.Build.0 = Debug|Any CPU
		{8F9C3965-001A-4E93-8F83-44214841802C}.Release|Any CPU.ActiveCfg = Release|Any CPU
		{8F9C3965-001A-4E93-8F83-44214841802C}.Release|Any CPU.Build.0 = Release|Any CPU
		{37040DFC-687A-43D6-84E4-6E9973CBDB6F}.Debug|Any CPU.ActiveCfg = Debug|Any CPU
		{37040DFC-687A-43D6-84E4-6E9973CBDB6F}.Debug|Any CPU.Build.0 = Debug|Any CPU
		{37040DFC-687A-43D6-84E4-6E9973CBDB6F}.Release|Any CPU.ActiveCfg = Release|Any CPU
		{37040DFC-687A-43D6-84E4-6E9973CBDB6F}.Release|Any CPU.Build.0 = Release|Any CPU
		{96A4DC85-27D8-43C6-8404-05846092D997}.Debug|Any CPU.ActiveCfg = Debug|Any CPU
		{96A4DC85-27D8-43C6-8404-05846092D997}.Debug|Any CPU.Build.0 = Debug|Any CPU
		{96A4DC85-27D8-43C6-8404-05846092D997}.Release|Any CPU.ActiveCfg = Release|Any CPU
		{96A4DC85-27D8-43C6-8404-05846092D997}.Release|Any CPU.Build.0 = Release|Any CPU
	EndGlobalSection
	GlobalSection(SolutionProperties) = preSolution
		HideSolutionNode = FALSE
	EndGlobalSection
	GlobalSection(NestedProjects) = preSolution
		{1D475EFB-9CDB-4F61-86F9-F40C63BE797C} = {AA685A73-40B1-4F4F-975C-234A540F051B}
		{4DE04C49-4971-4B71-8490-65F65E496428} = {EDF1F9FE-2918-4206-87A9-1FF9E5236B18}
		{8F9C3965-001A-4E93-8F83-44214841802C} = {EDF1F9FE-2918-4206-87A9-1FF9E5236B18}
		{37040DFC-687A-43D6-84E4-6E9973CBDB6F} = {AA685A73-40B1-4F4F-975C-234A540F051B}
		{96A4DC85-27D8-43C6-8404-05846092D997} = {AA685A73-40B1-4F4F-975C-234A540F051B}
	EndGlobalSection
	GlobalSection(ExtensibilityGlobals) = postSolution
		SolutionGuid = {7E52EBC6-FBF9-4B58-8C3A-42131298858D}
	EndGlobalSection
EndGlobal
